{
  "lockfileVersion": 1,
  "configVersion": 1,
  "workspaces": {
    "": {
      "name": "dsh-session-fork",
      "dependencies": {
        "zod": "^4.4.3",
      },
      "devDependencies": {
        "@deepseek-ai/cordis": "^4.0.1",
        "@deepseek-ai/dsh-agent": "^0.1.0-rc.7",
        "@deepseek-ai/dsh-agent-default-model": "^0.1.0-rc.7",
        "@deepseek-ai/dsh-agent-presets": "^0.1.0-rc.7",
        "@deepseek-ai/dsh-commands": "^0.1.0-rc.7",
        "@deepseek-ai/dsh-session": "^0.1.0-rc.7",
        "@deepseek-ai/dsh-session-persistence": "^0.1.0-rc.7",
        "@deepseek-ai/dsh-session-query": "^0.1.0-rc.7",
        "@deepseek-ai/dsh-session-title": "^0.1.0-rc.7",
        "@deepseek-ai/dsh-storage-domain": "^0.1.0-rc.7",
        "@deepseek-ai/dsh-workspace": "^0.1.0-rc.7",
        "@types/node": "^24.13.3",
        "typescript": "^5.9.3",
        "zod": "^4.4.3",
      },
      "peerDependencies": {
        "@deepseek-ai/cordis": "^4.0.1",
        "@deepseek-ai/dsh-agent-presets": "^0.1.0-rc.7",
        "@deepseek-ai/dsh-session-title": "^0.1.0-rc.7",
        "@deepseek-ai/dsh-storage-domain": "^0.1.0-rc.7",
      },
      "optionalPeers": [
        "@deepseek-ai/cordis",
        "@deepseek-ai/dsh-agent-presets",
        "@deepseek-ai/dsh-session-title",
        "@deepseek-ai/dsh-storage-domain",
      ],
    },
  },
  "packages": {
    "@deepseek-ai/cordis": ["@deepseek-ai/cordis@4.0.1", "", { "dependencies": { "@deepseek-ai/cosmokit": "^1.8.2", "@standard-schema/spec": "^1.1.0" }, "peerDependencies": { "@deepseek-ai/cordis-plugin-include": "^1.0.6", "@deepseek-ai/cordis-plugin-loader": "^1.0.2" }, "optionalPeers": ["@deepseek-ai/cordis-plugin-include", "@deepseek-ai/cordis-plugin-loader"], "bin": { "cordis": "bin.js" } }, "sha512-YBdskTU2Po1kru3GgcUWUbkTsPMA9LkSQDAY8rBkFJeajdgcQad3QPJZE26JyK99Xb6HaASvoXg2DSUTeN/0Nw=="],

    "@deepseek-ai/cordis-plugin-include": ["@deepseek-ai/cordis-plugin-include@1.0.6", "", { "dependencies": { "@deepseek-ai/cosmokit": "^1.8.2", "js-yaml": "^4.1.0" }, "peerDependencies": { "@deepseek-ai/cordis": "^4.0.1", "@deepseek-ai/cordis-plugin-loader": "^1.0.2" } }, "sha512-i1VXrZCbv6tk/iUgedCNjrxxArbWT3IvRZGB5sdqJ3ectnihivXXQbRZ8JJ73DSmAPvlMGmrbtjFAfm10yvXRg=="],

    "@deepseek-ai/cordis-plugin-loader": ["@deepseek-ai/cordis-plugin-loader@1.0.2", "", { "dependencies": { "@deepseek-ai/cosmokit": "^1.8.2" }, "peerDependencies": { "@deepseek-ai/cordis": "^4.0.1", "node-addon-require-builtin": "^0.1.4" }, "optionalPeers": ["node-addon-require-builtin"] }, "sha512-RIW9hoVyhYDWdCI9BsvtZccPde1ECLC4OAxupwowGTak78vwVTVdb3HezTSOK1Y1/Ax3Ru0LA1pYOB04CnTxIQ=="],

    "@deepseek-ai/cosmokit": ["@deepseek-ai/cosmokit@1.8.2", "", {}, "sha512-muBOKtSrUKU5m/xpq8ZXWL6hQ/jgd4PhU2PqH97bcxIiLEJfNwZOGQEx4t/aS/GgxRAR+ra9pMHPMtTHU4sqqA=="],

    "@deepseek-ai/dsh-agent": ["@deepseek-ai/dsh-agent@0.1.0-rc.7", "", { "peerDependencies": { "@deepseek-ai/cordis": "^4.0.1", "@deepseek-ai/dsh-invariants": "^0.1.0-rc.7", "@deepseek-ai/dsh-llm": "^0.1.0-rc.7", "@deepseek-ai/dsh-scope": "^0.1.0-rc.7", "@deepseek-ai/dsh-session": "^0.1.0-rc.7", "@deepseek-ai/dsh-system-prompt": "^0.1.0-rc.7", "@deepseek-ai/dsh-typert-protocol": "^0.1.0-rc.7" } }, "sha512-AqBQavJYgbCUUYBHP7OGCaw8WN5082NXYQOoOfNRO72bub3E+/nWkl8b4B7BAJdFfyLo9ce+Kgb1BCHSJU/JLg=="],

    "@deepseek-ai/dsh-agent-default-model": ["@deepseek-ai/dsh-agent-default-model@0.1.0-rc.7", "", { "dependencies": { "@deepseek-ai/schemastery": "^3.18.1" }, "peerDependencies": { "@deepseek-ai/cordis": "^4.0.1", "@deepseek-ai/dsh-agent": "^0.1.0-rc.7", "@deepseek-ai/dsh-invariants": "^0.1.0-rc.7", "@deepseek-ai/dsh-llm": "^0.1.0-rc.7", "@deepseek-ai/dsh-settings": "^0.1.0-rc.7" } }, "sha512-zHtD4FAqxzidyNiyx1bpvLHdOTTsKnmjlHRqDS1KegIMSTNFmmp1B2bHdAUXp/OH7fPDmv+1ZXzDoJhBNUY9jA=="],

    "@deepseek-ai/dsh-agent-presets": ["@deepseek-ai/dsh-agent-presets@0.1.0-rc.7", "", { "dependencies": { "@deepseek-ai/schemastery": "^3.18.1", "js-yaml": "^4.1.0" }, "peerDependencies": { "@deepseek-ai/cordis": "^4.0.1", "@deepseek-ai/cordis-plugin-include": "^1.0.6", "@deepseek-ai/cordis-plugin-loader": "^1.0.2", "@deepseek-ai/dsh-agent": "^0.1.0-rc.7", "@deepseek-ai/dsh-atomic-write": "^0.1.0-rc.7", "@deepseek-ai/dsh-home-paths": "^0.1.0-rc.7", "@deepseek-ai/dsh-invariants": "^0.1.0-rc.7", "@deepseek-ai/dsh-scope": "^0.1.0-rc.7", "@deepseek-ai/dsh-session": "^0.1.0-rc.7", "@deepseek-ai/dsh-settings": "^0.1.0-rc.7", "@deepseek-ai/dsh-system-prompt": "^0.1.0-rc.7" } }, "sha512-T/VcMV7lrXCFmRKrtoMTAz5DAdUmku6hz95wbikRvRc0WizIwQ3R04ke9KIeDiQcxK8xkE8cx+IYqEWa9C5gPg=="],

    "@deepseek-ai/dsh-atomic-write": ["@deepseek-ai/dsh-atomic-write@0.1.0-rc.7", "", { "peerDependencies": { "@deepseek-ai/cordis": "^4.0.1", "@deepseek-ai/dsh-invariants": "^0.1.0-rc.7" } }, "sha512-LxRx6K8FJ8bXZHiNhH6Rvj+jh/ZIpolmsmi138XrvMUGvbOBWE6QLbdzcgTgwrYZm5GP2kqqLe/3gQlgtt2bXA=="],

    "@deepseek-ai/dsh-attachment": ["@deepseek-ai/dsh-attachment@0.1.0-rc.7", "", { "peerDependencies": { "@deepseek-ai/cordis": "^4.0.1", "@deepseek-ai/dsh-brand": "^0.1.0-rc.7", "@deepseek-ai/dsh-invariants": "^0.1.0-rc.7" } }, "sha512-rsR/xVNOGIig8gXxhrKnkd6YD7aYliGtA/e7b4DlPawMpLhsItAh0HQ832n8LJn1aGZxKf68y9PRgzfljsveOQ=="],

    "@deepseek-ai/dsh-brand": ["@deepseek-ai/dsh-brand@0.1.0-rc.7", "", { "peerDependencies": { "@deepseek-ai/cordis": "^4.0.1", "@deepseek-ai/dsh-invariants": "^0.1.0-rc.7" } }, "sha512-P7+w0fN40yXXQkV360p6jQi63pcl68OOWebNGN5gf8w8sguvni2mA1cU8RLZzDkRNFSZD+BCw3D4uWYM+hhh7A=="],

    "@deepseek-ai/dsh-commands": ["@deepseek-ai/dsh-commands@0.1.0-rc.7", "", { "dependencies": { "zod": "^4.4.3" }, "peerDependencies": { "@deepseek-ai/cordis": "^4.0.1", "@deepseek-ai/dsh-agent": "^0.1.0-rc.7", "@deepseek-ai/dsh-brand": "^0.1.0-rc.7", "@deepseek-ai/dsh-invariants": "^0.1.0-rc.7", "@deepseek-ai/dsh-scope": "^0.1.0-rc.7", "@deepseek-ai/dsh-session": "^0.1.0-rc.7", "@deepseek-ai/dsh-typert-protocol": "^0.1.0-rc.7" } }, "sha512-SYrQpJZQ4fvfyfw3IJ5j0goUiOFZb1ZhcANgUp99HVlhhN/l1oEOAvEZL1efaSE7KIG6qp4JEn7iLtNdo8+mEA=="],

    "@deepseek-ai/dsh-home-paths": ["@deepseek-ai/dsh-home-paths@0.1.0-rc.7", "", { "peerDependencies": { "@deepseek-ai/cordis": "^4.0.1", "@deepseek-ai/dsh-invariants": "^0.1.0-rc.7" } }, "sha512-9Bu0eAbPw/FfCNpiX9hvyP5wedMUUQBc2sVTtU+xtH27/iUPxXoamFtBt3ydBJUeuVhja/leuhJ/d3MRhXO9fQ=="],

    "@deepseek-ai/dsh-invariants": ["@deepseek-ai/dsh-invariants@0.1.0-rc.7", "", { "dependencies": { "@deepseek-ai/schemastery": "^3.18.1" }, "peerDependencies": { "@deepseek-ai/cordis": "^4.0.1" } }, "sha512-PnO1F4aZGUmqZPyuPJpBUfQ4DZmjCGCNGr0yuN2iURTP/e6h0kGnTNTYgR2NqMvAtpP66WNiHhvH2LMqumk1+A=="],

    "@deepseek-ai/dsh-llm": ["@deepseek-ai/dsh-llm@0.1.0-rc.7", "", { "dependencies": { "@deepseek-ai/schemastery": "^3.18.1" }, "peerDependencies": { "@deepseek-ai/cordis": "^4.0.1", "@deepseek-ai/dsh-attachment": "^0.1.0-rc.7", "@deepseek-ai/dsh-brand": "^0.1.0-rc.7", "@deepseek-ai/dsh-invariants": "^0.1.0-rc.7", "@deepseek-ai/dsh-timeout": "^0.1.0-rc.7" } }, "sha512-VaB9kQ8XOA+R5jtsWf92QMc1WpaatEAFUvQePGUYrzQ7Z86b9VhQQzmchh5VmknT4oRSSdn0re5tReCvfcYNXQ=="],

    "@deepseek-ai/dsh-scope": ["@deepseek-ai/dsh-scope@0.1.0-rc.7", "", { "peerDependencies": { "@deepseek-ai/cordis": "^4.0.1", "@deepseek-ai/dsh-invariants": "^0.1.0-rc.7" } }, "sha512-8gn+sANXhpv+9egbNwq49/uI3XhbmB33obo9yMyzyzruan3zFoxeH4UV54jTC2hjbu8gFNPsyNam9AAtRV8/Cg=="],

    "@deepseek-ai/dsh-session": ["@deepseek-ai/dsh-session@0.1.0-rc.7", "", { "peerDependencies": { "@deepseek-ai/cordis": "^4.0.1", "@deepseek-ai/dsh-brand": "^0.1.0-rc.7", "@deepseek-ai/dsh-invariants": "^0.1.0-rc.7", "@deepseek-ai/dsh-llm": "^0.1.0-rc.7", "@deepseek-ai/dsh-scope": "^0.1.0-rc.7", "@deepseek-ai/dsh-typert-protocol": "^0.1.0-rc.7" } }, "sha512-02WVTkqIH+TyDL7dhMN3Hm+qcTEdhD0fVDC0aIAyND2fBdXj3CagEXXvpmt3mzwWfKwOTGL1RdxtC6pMA4Bl1A=="],

    "@deepseek-ai/dsh-session-persistence": ["@deepseek-ai/dsh-session-persistence@0.1.0-rc.7", "", { "peerDependencies": { "@deepseek-ai/cordis": "^4.0.1", "@deepseek-ai/dsh-brand": "^0.1.0-rc.7", "@deepseek-ai/dsh-invariants": "^0.1.0-rc.7", "@deepseek-ai/dsh-session": "^0.1.0-rc.7", "@deepseek-ai/dsh-timeout": "^0.1.0-rc.7" } }, "sha512-NFH1uIGQDgMFOijgAv8lLWRiY3eHFEZW2alwuHlu4C32P4+jdChh9fjPlzBar3ZZTq0ZW0qWCdbYZS02DNxsvA=="],

    "@deepseek-ai/dsh-session-projection": ["@deepseek-ai/dsh-session-projection@0.1.0-rc.7", "", { "dependencies": { "zod": "^4.4.3" }, "peerDependencies": { "@deepseek-ai/cordis": "^4.0.1", "@deepseek-ai/dsh-invariants": "^0.1.0-rc.7", "@deepseek-ai/dsh-session": "^0.1.0-rc.7" } }, "sha512-BXehLYt6wYnV0PNNhv5GECePkH1w+1yuu/R63d2tdYdUQ7XVrd6tu5hMwfTH0P9AnBDxJir08FRu2WKO69JypA=="],

    "@deepseek-ai/dsh-session-query": ["@deepseek-ai/dsh-session-query@0.1.0-rc.7", "", { "peerDependencies": { "@deepseek-ai/cordis": "^4.0.1", "@deepseek-ai/dsh-brand": "^0.1.0-rc.7", "@deepseek-ai/dsh-invariants": "^0.1.0-rc.7", "@deepseek-ai/dsh-llm": "^0.1.0-rc.7", "@deepseek-ai/dsh-session": "^0.1.0-rc.7", "@deepseek-ai/dsh-session-persistence": "^0.1.0-rc.7", "@deepseek-ai/dsh-session-title": "^0.1.0-rc.7" }, "optionalPeers": ["@deepseek-ai/dsh-session-persistence"] }, "sha512-JKlEpByllYQU9JZLadrS3ClWCVZMcKRB4nc6iCWuNExyRi/Whwa5GicKFs+jXwGKe/rdSbTCom/jYLwkqipjuw=="],

    "@deepseek-ai/dsh-session-title": ["@deepseek-ai/dsh-session-title@0.1.0-rc.7", "", { "dependencies": { "@deepseek-ai/schemastery": "^3.18.1", "zod": "^4.4.3" }, "peerDependencies": { "@deepseek-ai/cordis": "^4.0.1", "@deepseek-ai/dsh-brand": "^0.1.0-rc.7", "@deepseek-ai/dsh-invariants": "^0.1.0-rc.7", "@deepseek-ai/dsh-llm": "^0.1.0-rc.7", "@deepseek-ai/dsh-session": "^0.1.0-rc.7", "@deepseek-ai/dsh-session-projection": "^0.1.0-rc.7" } }, "sha512-jhFiZa/C58zchuJkBodnkiPil7AEK8mHfB/hMOAW3N/7tUg5nbMLBERNqHdDMbIrvhTndrF4SN9qy+ltUf0cOQ=="],

    "@deepseek-ai/dsh-settings": ["@deepseek-ai/dsh-settings@0.1.0-rc.7", "", { "peerDependencies": { "@deepseek-ai/cordis": "^4.0.1", "@deepseek-ai/dsh-brand": "^0.1.0-rc.7", "@deepseek-ai/dsh-invariants": "^0.1.0-rc.7", "@deepseek-ai/schemastery": "^3.18.1" } }, "sha512-cS1+StK2xIVykrskw+KrO+hKJxYaVVgY2Jex2we5zASTNLHYCj74WQluPlaFjFgnXoZ1RYz8HNXL5/Ho6h1Ynw=="],

    "@deepseek-ai/dsh-storage": ["@deepseek-ai/dsh-storage@0.1.0-rc.7", "", { "peerDependencies": { "@deepseek-ai/cordis": "^4.0.1", "@deepseek-ai/dsh-invariants": "^0.1.0-rc.7" } }, "sha512-M+6+SOjWWcfYoGASBMx+b1sHmWPFAHXF57rE/Mew9k5tHC5bEV8+owWwYOWQfv41eO1FfRMibZd0rH6mwPNApg=="],

    "@deepseek-ai/dsh-storage-domain": ["@deepseek-ai/dsh-storage-domain@0.1.0-rc.7", "", { "dependencies": { "@deepseek-ai/schemastery": "^3.18.1", "zod": "^4.4.3" }, "peerDependencies": { "@deepseek-ai/cordis": "^4.0.1", "@deepseek-ai/dsh-invariants": "^0.1.0-rc.7", "@deepseek-ai/dsh-storage": "^0.1.0-rc.7" } }, "sha512-UxXwoCB0q4+/F+zddvi8I4LknTIlGD/1ec57Ym52kWRb7a8qGgrcIYrOC3yPCozn8rkirAuhEAkyAhR6AO5QDw=="],

    "@deepseek-ai/dsh-system-prompt": ["@deepseek-ai/dsh-system-prompt@0.1.0-rc.7", "", { "dependencies": { "@deepseek-ai/schemastery": "^3.18.1" }, "peerDependencies": { "@deepseek-ai/cordis": "^4.0.1", "@deepseek-ai/dsh-invariants": "^0.1.0-rc.7", "@deepseek-ai/dsh-llm": "^0.1.0-rc.7", "@deepseek-ai/dsh-scope": "^0.1.0-rc.7" } }, "sha512-Rair2ZkzgoIIr+UstYVYeqeUgORNPIW1LNcsXz3Zjglx4FGjsmzs0UALdNYvSBpBvCLNmt4E6+XQIrBbS/s9jw=="],

    "@deepseek-ai/dsh-timeout": ["@deepseek-ai/dsh-timeout@0.1.0-rc.7", "", { "peerDependencies": { "@deepseek-ai/cordis": "^4.0.1", "@deepseek-ai/dsh-invariants": "^0.1.0-rc.7" } }, "sha512-Ufl9G7zP7Tky/zkXscavEiolEfAwutfbPeLb5sUU/tPQlDykhh1NwGrarNJ11fdR723zmA/3co4LgxtDtWCOEQ=="],

    "@deepseek-ai/dsh-typert-protocol": ["@deepseek-ai/dsh-typert-protocol@0.1.0-rc.7", "", { "peerDependencies": { "@deepseek-ai/cordis": "^4.0.1", "@deepseek-ai/dsh-invariants": "^0.1.0-rc.7" } }, "sha512-R7qdvaRRHbz5xijoVOxueeBB/VT0eDzuQNQN4iNEBUbI/L9xG9bZutktTQlgrIlBSn1sPH4pLqiCiM6ErQPTaQ=="],

    "@deepseek-ai/dsh-workspace": ["@deepseek-ai/dsh-workspace@0.1.0-rc.7", "", { "dependencies": { "zod": "^4.4.3" }, "peerDependencies": { "@deepseek-ai/cordis": "^4.0.1", "@deepseek-ai/dsh-brand": "^0.1.0-rc.7", "@deepseek-ai/dsh-invariants": "^0.1.0-rc.7", "@deepseek-ai/dsh-session": "^0.1.0-rc.7", "@deepseek-ai/dsh-session-persistence": "^0.1.0-rc.7", "@deepseek-ai/dsh-storage": "^0.1.0-rc.7", "@deepseek-ai/dsh-storage-domain": "^0.1.0-rc.7" } }, "sha512-0czW0bI+uFFOS8h8eJ9SGZSdv+StEsa/+E1WEjZQXVeIOxo520Pv47dq+Z3mTyBfV8gJB+UcY0AQ3F0FddYohg=="],

    "@deepseek-ai/schemastery": ["@deepseek-ai/schemastery@3.18.1", "", { "dependencies": { "@deepseek-ai/cosmokit": "^1.8.2", "@standard-schema/spec": "^1.1.0" } }, "sha512-Qn0FCSwCQnpnj6SB31I6i2sIKgKWnkbJM8O0EU91Gv2UsYVvtZTl6IA0sCwk2e2MZf5S8w5hpq9QkeVvK9qwxg=="],

    "@standard-schema/spec": ["@standard-schema/spec@1.1.0", "", {}, "sha512-l2aFy5jALhniG5HgqrD6jXLi/rUWrKvqN/qJx6yoJsgKhblVd+iqqU4RCXavm/jPityDo5TCvKMnpjKnOriy0w=="],

    "@types/node": ["@types/node@24.13.3", "", { "dependencies": { "undici-types": "~7.18.0" } }, "sha512-Dh8vAsV36ig5wa9OX4pXvMc9D3Veibfw2wix0CUwYODLD8nkj9UsLjASr49nPg+2eKzxhBV+v7L8pXvT4e639Q=="],

    "argparse": ["argparse@2.0.1", "", {}, "sha512-8+9WqebbFzpX9OR+Wa6O29asIogeRMzcGtAINdpMHHyAg10f05aSFVBbcEqGf/PXw1EjAZ+q2/bEBg3DvurK3Q=="],

    "js-yaml": ["js-yaml@4.3.1", "", { "dependencies": { "argparse": "^2.0.1" }, "bin": { "js-yaml": "bin/js-yaml.js" } }, "sha512-CY6crGq313MX8GkwvB7tzgp99vjQxY1++5y10/BKN/GUfHqWaOGQMNZkBvqSzsZKWk/ijwHlWzzkLulsGHhjWQ=="],

    "typescript": ["typescript@5.9.3", "", { "bin": { "tsc": "bin/tsc", "tsserver": "bin/tsserver" } }, "sha512-jl1vZzPDinLr9eUt3J/t7V6FgNEw9QjvBPdysz9KfQDD41fQrC2Y4vKQdiaUpFT4bXlb1RHhLpp8wtm6M5TgSw=="],

    "undici-types": ["undici-types@7.18.2", "", {}, "sha512-AsuCzffGHJybSaRrmr5eHr81mwJU3kjw6M+uprWvCXiNeN9SOGwQ3Jn8jb8m3Z6izVgknn1R0FTCEAP2QrLY/w=="],

    "zod": ["zod@4.4.3", "", {}, "sha512-ytENFjIJFl2UwYglde2jchW2Hwm4GJFLDiSXWdTrJQBIN9Fcyp7n4DhxJEiWNAJMV1/BqWfW/kkg71UDcHJyTQ=="],
  }
}
