{
  "lockfileVersion": 1,
  "configVersion": 1,
  "workspaces": {
    "": {
      "name": "dsh-fork",
      "devDependencies": {
        "@deepseek-ai/cordis": "^4.0.1",
        "@types/node": "^24.13.3",
        "typescript": "^5.9.3",
      },
      "peerDependencies": {
        "@deepseek-ai/cordis": "^4.0.1",
      },
      "optionalPeers": [
        "@deepseek-ai/cordis",
      ],
    },
  },
  "packages": {
    "@deepseek-ai/cordis": ["@deepseek-ai/cordis@4.0.1", "", { "dependencies": { "@deepseek-ai/cosmokit": "^1.8.2", "@standard-schema/spec": "^1.1.0" }, "peerDependencies": { "@deepseek-ai/cordis-plugin-include": "^1.0.6", "@deepseek-ai/cordis-plugin-loader": "^1.0.2" }, "optionalPeers": ["@deepseek-ai/cordis-plugin-include", "@deepseek-ai/cordis-plugin-loader"], "bin": { "cordis": "bin.js" } }, "sha512-YBdskTU2Po1kru3GgcUWUbkTsPMA9LkSQDAY8rBkFJeajdgcQad3QPJZE26JyK99Xb6HaASvoXg2DSUTeN/0Nw=="],

    "@deepseek-ai/cosmokit": ["@deepseek-ai/cosmokit@1.8.2", "", {}, "sha512-muBOKtSrUKU5m/xpq8ZXWL6hQ/jgd4PhU2PqH97bcxIiLEJfNwZOGQEx4t/aS/GgxRAR+ra9pMHPMtTHU4sqqA=="],

    "@standard-schema/spec": ["@standard-schema/spec@1.1.0", "", {}, "sha512-l2aFy5jALhniG5HgqrD6jXLi/rUWrKvqN/qJx6yoJsgKhblVd+iqqU4RCXavm/jPityDo5TCvKMnpjKnOriy0w=="],

    "@types/node": ["@types/node@24.13.3", "", { "dependencies": { "undici-types": "~7.18.0" } }, "sha512-Dh8vAsV36ig5wa9OX4pXvMc9D3Veibfw2wix0CUwYODLD8nkj9UsLjASr49nPg+2eKzxhBV+v7L8pXvT4e639Q=="],

    "typescript": ["typescript@5.9.3", "", { "bin": { "tsc": "bin/tsc", "tsserver": "bin/tsserver" } }, "sha512-jl1vZzPDinLr9eUt3J/t7V6FgNEw9QjvBPdysz9KfQDD41fQrC2Y4vKQdiaUpFT4bXlb1RHhLpp8wtm6M5TgSw=="],

    "undici-types": ["undici-types@7.18.2", "", {}, "sha512-AsuCzffGHJybSaRrmr5eHr81mwJU3kjw6M+uprWvCXiNeN9SOGwQ3Jn8jb8m3Z6izVgknn1R0FTCEAP2QrLY/w=="],
  }
}
